// !$*UTF8*$!
{
	archiveVersion = 1;
	classes = {
	};
	objectVersion = 77;
	objects = {

/* Begin PBXBuildFile section */
		DA4D1C122E017AA800798108 /* FirebaseAuth in Frameworks */ = {isa = PBXBuildFile; productRef = DA4D1C112E017AA800798108 /* FirebaseAuth */; };
		DA4D1C142E017AA800798108 /* FirebaseCore in Frameworks */ = {isa = PBXBuildFile; productRef = DA4D1C132E017AA800798108 /* FirebaseCore */; };
		DA4D1C202E01A27500798108 /* FirebaseFirestore in Frameworks */ = {isa = PBXBuildFile; productRef = DA4D1C1F2E01A27500798108 /* FirebaseFirestore */; };
		DA6BAAB32E06FA53008CE1BA /* FirebaseStorage in Frameworks */ = {isa = PBXBuildFile; productRef = DA6BAAB22E06FA53008CE1BA /* FirebaseStorage */; };
		DACC68322E071346007E67F7 /* WatchMyBookShelf Watch App.app in Embed Watch Content */ = {isa = PBXBuildFile; fileRef = DACC680F2E071342007E67F7 /* WatchMyBookShelf Watch App.app */; settings = {ATTRIBUTES = (RemoveHeadersOnCopy, ); }; };
/* End PBXBuildFile section */

/* Begin PBXContainerItemProxy section */
		DA58888B2DE3253B001687EE /* PBXContainerItemProxy */ = {
			isa = PBXContainerItemProxy;
			containerPortal = DA5888722DE32538001687EE /* Project object */;
			proxyType = 1;
			remoteGlobalIDString = DA5888792DE32538001687EE;
			remoteInfo = MyBookShelf;
		};
		DA5888952DE3253B001687EE /* PBXContainerItemProxy */ = {
			isa = PBXContainerItemProxy;
			containerPortal = DA5888722DE32538001687EE /* Project object */;
			proxyType = 1;
			remoteGlobalIDString = DA5888792DE32538001687EE;
			remoteInfo = MyBookShelf;
		};
		DACC681F2E071346007E67F7 /* PBXContainerItemProxy */ = {
			isa = PBXContainerItemProxy;
			containerPortal = DA5888722DE32538001687EE /* Project object */;
			proxyType = 1;
			remoteGlobalIDString = DACC680E2E071342007E67F7;
			remoteInfo = "WatchMyBookShelf Watch App";
		};
		DACC68292E071346007E67F7 /* PBXContainerItemProxy */ = {
			isa = PBXContainerItemProxy;
			containerPortal = DA5888722DE32538001687EE /* Project object */;
			proxyType = 1;
			remoteGlobalIDString = DACC680E2E071342007E67F7;
			remoteInfo = "WatchMyBookShelf Watch App";
		};
		DACC68302E071346007E67F7 /* PBXContainerItemProxy */ = {
			isa = PBXContainerItemProxy;
			containerPortal = DA5888722DE32538001687EE /* Project object */;
			proxyType = 1;
			remoteGlobalIDString = DACC680E2E071342007E67F7;
			remoteInfo = "WatchMyBookShelf Watch App";
		};
/* End PBXContainerItemProxy section */

/* Begin PBXCopyFilesBuildPhase section */
		DA6BAADF2E07029F008CE1BA /* Embed Watch Content */ = {
			isa = PBXCopyFilesBuildPhase;
			buildActionMask = 2147483647;
			dstPath = "$(CONTENTS_FOLDER_PATH)/Watch";
			dstSubfolderSpec = 16;
			files = (
				DACC68322E071346007E67F7 /* WatchMyBookShelf Watch App.app in Embed Watch Content */,
			);
			name = "Embed Watch Content";
			runOnlyForDeploymentPostprocessing = 0;
		};
/* End PBXCopyFilesBuildPhase section */

/* Begin PBXFileReference section */
		DA58887A2DE32538001687EE /* MyBookShelf.app */ = {isa = PBXFileReference; explicitFileType = wrapper.application; includeInIndex = 0; path = MyBookShelf.app; sourceTree = BUILT_PRODUCTS_DIR; };
		DA58888A2DE3253B001687EE /* MyBookShelfTests.xctest */ = {isa = PBXFileReference; explicitFileType = wrapper.cfbundle; includeInIndex = 0; path = MyBookShelfTests.xctest; sourceTree = BUILT_PRODUCTS_DIR; };
		DA5888942DE3253B001687EE /* MyBookShelfUITests.xctest */ = {isa = PBXFileReference; explicitFileType = wrapper.cfbundle; includeInIndex = 0; path = MyBookShelfUITests.xctest; sourceTree = BUILT_PRODUCTS_DIR; };
		DACC680F2E071342007E67F7 /* WatchMyBookShelf Watch App.app */ = {isa = PBXFileReference; explicitFileType = wrapper.application; includeInIndex = 0; path = "WatchMyBookShelf Watch App.app"; sourceTree = BUILT_PRODUCTS_DIR; };
		DACC681E2E071346007E67F7 /* WatchMyBookShelf Watch AppTests.xctest */ = {isa = PBXFileReference; explicitFileType = wrapper.cfbundle; includeInIndex = 0; path = "WatchMyBookShelf Watch AppTests.xctest"; sourceTree = BUILT_PRODUCTS_DIR; };
		DACC68282E071346007E67F7 /* WatchMyBookShelf Watch AppUITests.xctest */ = {isa = PBXFileReference; explicitFileType = wrapper.cfbundle; includeInIndex = 0; path = "WatchMyBookShelf Watch AppUITests.xctest"; sourceTree = BUILT_PRODUCTS_DIR; };
/* End PBXFileReference section */

/* Begin PBXFileSystemSynchronizedBuildFileExceptionSet section */
		DA6BAAE72E070316008CE1BA /* Exceptions for "MyBookShelf" folder in "MyBookShelf" target */ = {
			isa = PBXFileSystemSynchronizedBuildFileExceptionSet;
			membershipExceptions = (
				Info.plist,
			);
			target = DA5888792DE32538001687EE /* MyBookShelf */;
		};
		DAFA92CC2E15833E00F71861 /* Exceptions for "WatchMyBookShelf Watch App" folder in "MyBookShelf" target */ = {
			isa = PBXFileSystemSynchronizedBuildFileExceptionSet;
			membershipExceptions = (
				WatchBook.swift,
			);
			target = DA5888792DE32538001687EE /* MyBookShelf */;
		};
/* End PBXFileSystemSynchronizedBuildFileExceptionSet section */

/* Begin PBXFileSystemSynchronizedRootGroup section */
		DA58887C2DE32538001687EE /* MyBookShelf */ = {
			isa = PBXFileSystemSynchronizedRootGroup;
			exceptions = (
				DA6BAAE72E070316008CE1BA /* Exceptions for "MyBookShelf" folder in "MyBookShelf" target */,
			);
			path = MyBookShelf;
			sourceTree = "<group>";
		};
		DA58888D2DE3253B001687EE /* MyBookShelfTests */ = {
			isa = PBXFileSystemSynchronizedRootGroup;
			path = MyBookShelfTests;
			sourceTree = "<group>";
		};
		DA5888972DE3253B001687EE /* MyBookShelfUITests */ = {
			isa = PBXFileSystemSynchronizedRootGroup;
			path = MyBookShelfUITests;
			sourceTree = "<group>";
		};
		DACC68102E071342007E67F7 /* WatchMyBookShelf Watch App */ = {
			isa = PBXFileSystemSynchronizedRootGroup;
			exceptions = (
				DAFA92CC2E15833E00F71861 /* Exceptions for "WatchMyBookShelf Watch App" folder in "MyBookShelf" target */,
			);
			path = "WatchMyBookShelf Watch App";
			sourceTree = "<group>";
		};
/* End PBXFileSystemSynchronizedRootGroup section */

/* Begin PBXFrameworksBuildPhase section */
		DA5888772DE32538001687EE /* Frameworks */ = {
			isa = PBXFrameworksBuildPhase;
			buildActionMask = 2147483647;
			files = (
				DA4D1C142E017AA800798108 /* FirebaseCore in Frameworks */,
				DA6BAAB32E06FA53008CE1BA /* FirebaseStorage in Frameworks */,
				DA4D1C122E017AA800798108 /* FirebaseAuth in Frameworks */,
				DA4D1C202E01A27500798108 /* FirebaseFirestore in Frameworks */,
			);
			runOnlyForDeploymentPostprocessing = 0;
		};
		DA5888872DE3253B001687EE /* Frameworks */ = {
			isa = PBXFrameworksBuildPhase;
			buildActionMask = 2147483647;
			files = (
			);
			runOnlyForDeploymentPostprocessing = 0;
		};
		DA5888912DE3253B001687EE /* Frameworks */ = {
			isa = PBXFrameworksBuildPhase;
			buildActionMask = 2147483647;
			files = (
			);
			runOnlyForDeploymentPostprocessing = 0;
		};
		DACC680C2E071342007E67F7 /* Frameworks */ = {
			isa = PBXFrameworksBuildPhase;
			buildActionMask = 2147483647;
			files = (
			);
			runOnlyForDeploymentPostprocessing = 0;
		};
		DACC681B2E071346007E67F7 /* Frameworks */ = {
			isa = PBXFrameworksBuildPhase;
			buildActionMask = 2147483647;
			files = (
			);
			runOnlyForDeploymentPostprocessing = 0;
		};
		DACC68252E071346007E67F7 /* Frameworks */ = {
			isa = PBXFrameworksBuildPhase;
			buildActionMask = 2147483647;
			files = (
			);
			runOnlyForDeploymentPostprocessing = 0;
		};
/* End PBXFrameworksBuildPhase section */

/* Begin PBXGroup section */
		DA5888712DE32538001687EE = {
			isa = PBXGroup;
			children = (
				DA58887C2DE32538001687EE /* MyBookShelf */,
				DA58888D2DE3253B001687EE /* MyBookShelfTests */,
				DA5888972DE3253B001687EE /* MyBookShelfUITests */,
				DACC68102E071342007E67F7 /* WatchMyBookShelf Watch App */,
				DA58887B2DE32538001687EE /* Products */,
			);
			sourceTree = "<group>";
		};
		DA58887B2DE32538001687EE /* Products */ = {
			isa = PBXGroup;
			children = (
				DA58887A2DE32538001687EE /* MyBookShelf.app */,
				DA58888A2DE3253B001687EE /* MyBookShelfTests.xctest */,
				DA5888942DE3253B001687EE /* MyBookShelfUITests.xctest */,
				DACC680F2E071342007E67F7 /* WatchMyBookShelf Watch App.app */,
				DACC681E2E071346007E67F7 /* WatchMyBookShelf Watch AppTests.xctest */,
				DACC68282E071346007E67F7 /* WatchMyBookShelf Watch AppUITests.xctest */,
			);
			name = Products;
			sourceTree = "<group>";
		};
/* End PBXGroup section */

/* Begin PBXNativeTarget section */
		DA5888792DE32538001687EE /* MyBookShelf */ = {
			isa = PBXNativeTarget;
			buildConfigurationList = DA58889E2DE3253B001687EE /* Build configuration list for PBXNativeTarget "MyBookShelf" */;
			buildPhases = (
				DA5888762DE32538001687EE /* Sources */,
				DA5888772DE32538001687EE /* Frameworks */,
				DA5888782DE32538001687EE /* Resources */,
				DA6BAADF2E07029F008CE1BA /* Embed Watch Content */,
			);
			buildRules = (
			);
			dependencies = (
				DACC68312E071346007E67F7 /* PBXTargetDependency */,
			);
			fileSystemSynchronizedGroups = (
				DA58887C2DE32538001687EE /* MyBookShelf */,
			);
			name = MyBookShelf;
			packageProductDependencies = (
				DA4D1C112E017AA800798108 /* FirebaseAuth */,
				DA4D1C132E017AA800798108 /* FirebaseCore */,
				DA4D1C1F2E01A27500798108 /* FirebaseFirestore */,
				DA6BAAB22E06FA53008CE1BA /* FirebaseStorage */,
			);
			productName = MyBookShelf;
			productReference = DA58887A2DE32538001687EE /* MyBookShelf.app */;
			productType = "com.apple.product-type.application";
		};
		DA5888892DE3253B001687EE /* MyBookShelfTests */ = {
			isa = PBXNativeTarget;
			buildConfigurationList = DA5888A12DE3253B001687EE /* Build configuration list for PBXNativeTarget "MyBookShelfTests" */;
			buildPhases = (
				DA5888862DE3253B001687EE /* Sources */,
				DA5888872DE3253B001687EE /* Frameworks */,
				DA5888882DE3253B001687EE /* Resources */,
			);
			buildRules = (
			);
			dependencies = (
				DA58888C2DE3253B001687EE /* PBXTargetDependency */,
			);
			fileSystemSynchronizedGroups = (
				DA58888D2DE3253B001687EE /* MyBookShelfTests */,
			);
			name = MyBookShelfTests;
			packageProductDependencies = (
			);
			productName = MyBookShelfTests;
			productReference = DA58888A2DE3253B001687EE /* MyBookShelfTests.xctest */;
			productType = "com.apple.product-type.bundle.unit-test";
		};
		DA5888932DE3253B001687EE /* MyBookShelfUITests */ = {
			isa = PBXNativeTarget;
			buildConfigurationList = DA5888A42DE3253B001687EE /* Build configuration list for PBXNativeTarget "MyBookShelfUITests" */;
			buildPhases = (
				DA5888902DE3253B001687EE /* Sources */,
				DA5888912DE3253B001687EE /* Frameworks */,
				DA5888922DE3253B001687EE /* Resources */,
			);
			buildRules = (
			);
			dependencies = (
				DA5888962DE3253B001687EE /* PBXTargetDependency */,
			);
			fileSystemSynchronizedGroups = (
				DA5888972DE3253B001687EE /* MyBookShelfUITests */,
			);
			name = MyBookShelfUITests;
			packageProductDependencies = (
			);
			productName = MyBookShelfUITests;
			productReference = DA5888942DE3253B001687EE /* MyBookShelfUITests.xctest */;
			productType = "com.apple.product-type.bundle.ui-testing";
		};
		DACC680E2E071342007E67F7 /* WatchMyBookShelf Watch App */ = {
			isa = PBXNativeTarget;
			buildConfigurationList = DACC68332E071346007E67F7 /* Build configuration list for PBXNativeTarget "WatchMyBookShelf Watch App" */;
			buildPhases = (
				DACC680B2E071342007E67F7 /* Sources */,
				DACC680C2E071342007E67F7 /* Frameworks */,
				DACC680D2E071342007E67F7 /* Resources */,
			);
			buildRules = (
			);
			dependencies = (
			);
			fileSystemSynchronizedGroups = (
				DACC68102E071342007E67F7 /* WatchMyBookShelf Watch App */,
			);
			name = "WatchMyBookShelf Watch App";
			packageProductDependencies = (
			);
			productName = "WatchMyBookShelf Watch App";
			productReference = DACC680F2E071342007E67F7 /* WatchMyBookShelf Watch App.app */;
			productType = "com.apple.product-type.application";
		};
		DACC681D2E071346007E67F7 /* WatchMyBookShelf Watch AppTests */ = {
			isa = PBXNativeTarget;
			buildConfigurationList = DACC68362E071346007E67F7 /* Build configuration list for PBXNativeTarget "WatchMyBookShelf Watch AppTests" */;
			buildPhases = (
				DACC681A2E071346007E67F7 /* Sources */,
				DACC681B2E071346007E67F7 /* Frameworks */,
				DACC681C2E071346007E67F7 /* Resources */,
			);
			buildRules = (
			);
			dependencies = (
				DACC68202E071346007E67F7 /* PBXTargetDependency */,
			);
			name = "WatchMyBookShelf Watch AppTests";
			packageProductDependencies = (
			);
			productName = "WatchMyBookShelf Watch AppTests";
			productReference = DACC681E2E071346007E67F7 /* WatchMyBookShelf Watch AppTests.xctest */;
			productType = "com.apple.product-type.bundle.unit-test";
		};
		DACC68272E071346007E67F7 /* WatchMyBookShelf Watch AppUITests */ = {
			isa = PBXNativeTarget;
			buildConfigurationList = DACC68392E071346007E67F7 /* Build configuration list for PBXNativeTarget "WatchMyBookShelf Watch AppUITests" */;
			buildPhases = (
				DACC68242E071346007E67F7 /* Sources */,
				DACC68252E071346007E67F7 /* Frameworks */,
				DACC68262E071346007E67F7 /* Resources */,
			);
			buildRules = (
			);
			dependencies = (
				DACC682A2E071346007E67F7 /* PBXTargetDependency */,
			);
			name = "WatchMyBookShelf Watch AppUITests";
			packageProductDependencies = (
			);
			productName = "WatchMyBookShelf Watch AppUITests";
			productReference = DACC68282E071346007E67F7 /* WatchMyBookShelf Watch AppUITests.xctest */;
			productType = "com.apple.product-type.bundle.ui-testing";
		};
/* End PBXNativeTarget section */

/* Begin PBXProject section */
		DA5888722DE32538001687EE /* Project object */ = {
			isa = PBXProject;
			attributes = {
				BuildIndependentTargetsInParallel = 1;
				LastSwiftUpdateCheck = 1620;
				LastUpgradeCheck = 1620;
				TargetAttributes = {
					DA5888792DE32538001687EE = {
						CreatedOnToolsVersion = 16.2;
					};
					DA5888892DE3253B001687EE = {
						CreatedOnToolsVersion = 16.2;
						TestTargetID = DA5888792DE32538001687EE;
					};
					DA5888932DE3253B001687EE = {
						CreatedOnToolsVersion = 16.2;
						TestTargetID = DA5888792DE32538001687EE;
					};
					DACC680E2E071342007E67F7 = {
						CreatedOnToolsVersion = 16.2;
					};
					DACC681D2E071346007E67F7 = {
						CreatedOnToolsVersion = 16.2;
						TestTargetID = DACC680E2E071342007E67F7;
					};
					DACC68272E071346007E67F7 = {
						CreatedOnToolsVersion = 16.2;
						TestTargetID = DACC680E2E071342007E67F7;
					};
				};
			};
			buildConfigurationList = DA5888752DE32538001687EE /* Build configuration list for PBXProject "MyBookShelf" */;
			developmentRegion = en;
			hasScannedForEncodings = 0;
			knownRegions = (
				en,
				Base,
			);
			mainGroup = DA5888712DE32538001687EE;
			minimizedProjectReferenceProxies = 1;
			packageReferences = (
				DA4D1C102E017AA800798108 /* XCRemoteSwiftPackageReference "firebase-ios-sdk" */,
			);
			preferredProjectObjectVersion = 77;
			productRefGroup = DA58887B2DE32538001687EE /* Products */;
			projectDirPath = "";
			projectRoot = "";
			targets = (
				DA5888792DE32538001687EE /* MyBookShelf */,
				DA5888892DE3253B001687EE /* MyBookShelfTests */,
				DA5888932DE3253B001687EE /* MyBookShelfUITests */,
				DACC680E2E071342007E67F7 /* WatchMyBookShelf Watch App */,
				DACC681D2E071346007E67F7 /* WatchMyBookShelf Watch AppTests */,
				DACC68272E071346007E67F7 /* WatchMyBookShelf Watch AppUITests */,
			);
		};
/* End PBXProject section */

/* Begin PBXResourcesBuildPhase section */
		DA5888782DE32538001687EE /* Resources */ = {
			isa = PBXResourcesBuildPhase;
			buildActionMask = 2147483647;
			files = (
			);
			runOnlyForDeploymentPostprocessing = 0;
		};
		DA5888882DE3253B001687EE /* Resources */ = {
			isa = PBXResourcesBuildPhase;
			buildActionMask = 2147483647;
			files = (
			);
			runOnlyForDeploymentPostprocessing = 0;
		};
		DA5888922DE3253B001687EE /* Resources */ = {
			isa = PBXResourcesBuildPhase;
			buildActionMask = 2147483647;
			files = (
			);
			runOnlyForDeploymentPostprocessing = 0;
		};
		DACC680D2E071342007E67F7 /* Resources */ = {
			isa = PBXResourcesBuildPhase;
			buildActionMask = 2147483647;
			files = (
			);
			runOnlyForDeploymentPostprocessing = 0;
		};
		DACC681C2E071346007E67F7 /* Resources */ = {
			isa = PBXResourcesBuildPhase;
			buildActionMask = 2147483647;
			files = (
			);
			runOnlyForDeploymentPostprocessing = 0;
		};
		DACC68262E071346007E67F7 /* Resources */ = {
			isa = PBXResourcesBuildPhase;
			buildActionMask = 2147483647;
			files = (
			);
			runOnlyForDeploymentPostprocessing = 0;
		};
/* End PBXResourcesBuildPhase section */

/* Begin PBXSourcesBuildPhase section */
		DA5888762DE32538001687EE /* Sources */ = {
			isa = PBXSourcesBuildPhase;
			buildActionMask = 2147483647;
			files = (
			);
			runOnlyForDeploymentPostprocessing = 0;
		};
		DA5888862DE3253B001687EE /* Sources */ = {
			isa = PBXSourcesBuildPhase;
			buildActionMask = 2147483647;
			files = (
			);
			runOnlyForDeploymentPostprocessing = 0;
		};
		DA5888902DE3253B001687EE /* Sources */ = {
			isa = PBXSourcesBuildPhase;
			buildActionMask = 2147483647;
			files = (
			);
			runOnlyForDeploymentPostprocessing = 0;
		};
		DACC680B2E071342007E67F7 /* Sources */ = {
			isa = PBXSourcesBuildPhase;
			buildActionMask = 2147483647;
			files = (
			);
			runOnlyForDeploymentPostprocessing = 0;
		};
		DACC681A2E071346007E67F7 /* Sources */ = {
			isa = PBXSourcesBuildPhase;
			buildActionMask = 2147483647;
			files = (
			);
			runOnlyForDeploymentPostprocessing = 0;
		};
		DACC68242E071346007E67F7 /* Sources */ = {
			isa = PBXSourcesBuildPhase;
			buildActionMask = 2147483647;
			files = (
			);
			runOnlyForDeploymentPostprocessing = 0;
		};
/* End PBXSourcesBuildPhase section */

/* Begin PBXTargetDependency section */
		DA58888C2DE3253B001687EE /* PBXTargetDependency */ = {
			isa = PBXTargetDependency;
			target = DA5888792DE32538001687EE /* MyBookShelf */;
			targetProxy = DA58888B2DE3253B001687EE /* PBXContainerItemProxy */;
		};
		DA5888962DE3253B001687EE /* PBXTargetDependency */ = {
			isa = PBXTargetDependency;
			target = DA5888792DE32538001687EE /* MyBookShelf */;
			targetProxy = DA5888952DE3253B001687EE /* PBXContainerItemProxy */;
		};
		DACC68202E071346007E67F7 /* PBXTargetDependency */ = {
			isa = PBXTargetDependency;
			target = DACC680E2E071342007E67F7 /* WatchMyBookShelf Watch App */;
			targetProxy = DACC681F2E071346007E67F7 /* PBXContainerItemProxy */;
		};
		DACC682A2E071346007E67F7 /* PBXTargetDependency */ = {
			isa = PBXTargetDependency;
			target = DACC680E2E071342007E67F7 /* WatchMyBookShelf Watch App */;
			targetProxy = DACC68292E071346007E67F7 /* PBXContainerItemProxy */;
		};
		DACC68312E071346007E67F7 /* PBXTargetDependency */ = {
			isa = PBXTargetDependency;
			target = DACC680E2E071342007E67F7 /* WatchMyBookShelf Watch App */;
			targetProxy = DACC68302E071346007E67F7 /* PBXContainerItemProxy */;
		};
/* End PBXTargetDependency section */

/* Begin XCBuildConfiguration section */
		DA58889C2DE3253B001687EE /* Debug */ = {
			isa = XCBuildConfiguration;
			buildSettings = {
				ALWAYS_SEARCH_USER_PATHS = NO;
				ASSETCATALOG_COMPILER_GENERATE_SWIFT_ASSET_SYMBOL_EXTENSIONS = YES;
				CLANG_ANALYZER_NONNULL = YES;
				CLANG_ANALYZER_NUMBER_OBJECT_CONVERSION = YES_AGGRESSIVE;
				CLANG_CXX_LANGUAGE_STANDARD = "gnu++20";
				CLANG_ENABLE_MODULES = YES;
				CLANG_ENABLE_OBJC_ARC = YES;
				CLANG_ENABLE_OBJC_WEAK = YES;
				CLANG_WARN_BLOCK_CAPTURE_AUTORELEASING = YES;
				CLANG_WARN_BOOL_CONVERSION = YES;
				CLANG_WARN_COMMA = YES;
				CLANG_WARN_CONSTANT_CONVERSION = YES;
				CLANG_WARN_DEPRECATED_OBJC_IMPLEMENTATIONS = YES;
				CLANG_WARN_DIRECT_OBJC_ISA_USAGE = YES_ERROR;
				CLANG_WARN_DOCUMENTATION_COMMENTS = YES;
				CLANG_WARN_EMPTY_BODY = YES;
				CLANG_WARN_ENUM_CONVERSION = YES;
				CLANG_WARN_INFINITE_RECURSION = YES;
				CLANG_WARN_INT_CONVERSION = YES;
				CLANG_WARN_NON_LITERAL_NULL_CONVERSION = YES;
				CLANG_WARN_OBJC_IMPLICIT_RETAIN_SELF = YES;
				CLANG_WARN_OBJC_LITERAL_CONVERSION = YES;
				CLANG_WARN_OBJC_ROOT_CLASS = YES_ERROR;
				CLANG_WARN_QUOTED_INCLUDE_IN_FRAMEWORK_HEADER = YES;
				CLANG_WARN_RANGE_LOOP_ANALYSIS = YES;
				CLANG_WARN_STRICT_PROTOTYPES = YES;
				CLANG_WARN_SUSPICIOUS_MOVE = YES;
				CLANG_WARN_UNGUARDED_AVAILABILITY = YES_AGGRESSIVE;
				CLANG_WARN_UNREACHABLE_CODE = YES;
				CLANG_WARN__DUPLICATE_METHOD_MATCH = YES;
				COPY_PHASE_STRIP = NO;
				DEBUG_INFORMATION_FORMAT = dwarf;
				ENABLE_STRICT_OBJC_MSGSEND = YES;
				ENABLE_TESTABILITY = YES;
				ENABLE_USER_SCRIPT_SANDBOXING = YES;
				GCC_C_LANGUAGE_STANDARD = gnu17;
				GCC_DYNAMIC_NO_PIC = NO;
				GCC_NO_COMMON_BLOCKS = YES;
				GCC_OPTIMIZATION_LEVEL = 0;
				GCC_PREPROCESSOR_DEFINITIONS = (
					"DEBUG=1",
					"$(inherited)",
				);
				GCC_WARN_64_TO_32_BIT_CONVERSION = YES;
				GCC_WARN_ABOUT_RETURN_TYPE = YES_ERROR;
				GCC_WARN_UNDECLARED_SELECTOR = YES;
				GCC_WARN_UNINITIALIZED_AUTOS = YES_AGGRESSIVE;
				GCC_WARN_UNUSED_FUNCTION = YES;
				GCC_WARN_UNUSED_VARIABLE = YES;
				INFOPLIST_KEY_NSFaceIDUsageDescription = "We use Face ID to lock your private diary";
				INFOPLIST_KEY_NSLocationWhenInUseUsageDescription = "We need your location to tag shelves with coordinates.";
				IPHONEOS_DEPLOYMENT_TARGET = 18.2;
				LOCALIZATION_PREFERS_STRING_CATALOGS = YES;
				MTL_ENABLE_DEBUG_INFO = INCLUDE_SOURCE;
				MTL_FAST_MATH = YES;
				NEW_SETTING = "";
				ONLY_ACTIVE_ARCH = YES;
				SDKROOT = iphoneos;
				SUPPORTED_PLATFORMS = "iphonesimulator iphoneos";
				SWIFT_ACTIVE_COMPILATION_CONDITIONS = "DEBUG $(inherited)";
				SWIFT_OPTIMIZATION_LEVEL = "-Onone";
			};
			name = Debug;
		};
		DA58889D2DE3253B001687EE /* Release */ = {
			isa = XCBuildConfiguration;
			buildSettings = {
				ALWAYS_SEARCH_USER_PATHS = NO;
				ASSETCATALOG_COMPILER_GENERATE_SWIFT_ASSET_SYMBOL_EXTENSIONS = YES;
				CLANG_ANALYZER_NONNULL = YES;
				CLANG_ANALYZER_NUMBER_OBJECT_CONVERSION = YES_AGGRESSIVE;
				CLANG_CXX_LANGUAGE_STANDARD = "gnu++20";
				CLANG_ENABLE_MODULES = YES;
				CLANG_ENABLE_OBJC_ARC = YES;
				CLANG_ENABLE_OBJC_WEAK = YES;
				CLANG_WARN_BLOCK_CAPTURE_AUTORELEASING = YES;
				CLANG_WARN_BOOL_CONVERSION = YES;
				CLANG_WARN_COMMA = YES;
				CLANG_WARN_CONSTANT_CONVERSION = YES;
				CLANG_WARN_DEPRECATED_OBJC_IMPLEMENTATIONS = YES;
				CLANG_WARN_DIRECT_OBJC_ISA_USAGE = YES_ERROR;
				CLANG_WARN_DOCUMENTATION_COMMENTS = YES;
				CLANG_WARN_EMPTY_BODY = YES;
				CLANG_WARN_ENUM_CONVERSION = YES;
				CLANG_WARN_INFINITE_RECURSION = YES;
				CLANG_WARN_INT_CONVERSION = YES;
				CLANG_WARN_NON_LITERAL_NULL_CONVERSION = YES;
				CLANG_WARN_OBJC_IMPLICIT_RETAIN_SELF = YES;
				CLANG_WARN_OBJC_LITERAL_CONVERSION = YES;
				CLANG_WARN_OBJC_ROOT_CLASS = YES_ERROR;
				CLANG_WARN_QUOTED_INCLUDE_IN_FRAMEWORK_HEADER = YES;
				CLANG_WARN_RANGE_LOOP_ANALYSIS = YES;
				CLANG_WARN_STRICT_PROTOTYPES = YES;
				CLANG_WARN_SUSPICIOUS_MOVE = YES;
				CLANG_WARN_UNGUARDED_AVAILABILITY = YES_AGGRESSIVE;
				CLANG_WARN_UNREACHABLE_CODE = YES;
				CLANG_WARN__DUPLICATE_METHOD_MATCH = YES;
				COPY_PHASE_STRIP = NO;
				DEBUG_INFORMATION_FORMAT = "dwarf-with-dsym";
				ENABLE_NS_ASSERTIONS = NO;
				ENABLE_STRICT_OBJC_MSGSEND = YES;
				ENABLE_USER_SCRIPT_SANDBOXING = YES;
				GCC_C_LANGUAGE_STANDARD = gnu17;
				GCC_NO_COMMON_BLOCKS = YES;
				GCC_WARN_64_TO_32_BIT_CONVERSION = YES;
				GCC_WARN_ABOUT_RETURN_TYPE = YES_ERROR;
				GCC_WARN_UNDECLARED_SELECTOR = YES;
				GCC_WARN_UNINITIALIZED_AUTOS = YES_AGGRESSIVE;
				GCC_WARN_UNUSED_FUNCTION = YES;
				GCC_WARN_UNUSED_VARIABLE = YES;
				INFOPLIST_KEY_NSFaceIDUsageDescription = "We use Face ID to lock your private diary";
				INFOPLIST_KEY_NSLocationWhenInUseUsageDescription = "We need your location to tag shelves with coordinates.";
				IPHONEOS_DEPLOYMENT_TARGET = 18.2;
				LOCALIZATION_PREFERS_STRING_CATALOGS = YES;
				MTL_ENABLE_DEBUG_INFO = NO;
				MTL_FAST_MATH = YES;
				NEW_SETTING = "";
				SDKROOT = iphoneos;
				SUPPORTED_PLATFORMS = "iphonesimulator iphoneos";
				SWIFT_COMPILATION_MODE = wholemodule;
				VALIDATE_PRODUCT = YES;
			};
			name = Release;
		};
		DA58889F2DE3253B001687EE /* Debug */ = {
			isa = XCBuildConfiguration;
			buildSettings = {
				ASSETCATALOG_COMPILER_APPICON_NAME = AppIcon;
				ASSETCATALOG_COMPILER_GLOBAL_ACCENT_COLOR_NAME = AccentColor;
				CODE_SIGN_STYLE = Automatic;
				CURRENT_PROJECT_VERSION = 1;
				DEVELOPMENT_ASSET_PATHS = "\"MyBookShelf/Assets\"";
				DEVELOPMENT_TEAM = Y649WMQLD6;
				ENABLE_PREVIEWS = YES;
				GENERATE_INFOPLIST_FILE = YES;
				INFOPLIST_FILE = MyBookShelf/Info.plist;
				INFOPLIST_KEY_NSCameraUsageDescription = "\"We need access to your camera to scan books!";
				INFOPLIST_KEY_NSFaceIDUsageDescription = "We use Face ID to lock your private diary";
				INFOPLIST_KEY_NSLocationWhenInUseUsageDescription = "We need your location to tag shelves with coordinates.";
				INFOPLIST_KEY_UIApplicationSceneManifest_Generation = YES;
				INFOPLIST_KEY_UIApplicationSupportsIndirectInputEvents = YES;
				INFOPLIST_KEY_UILaunchScreen_Generation = YES;
				INFOPLIST_KEY_UISupportedInterfaceOrientations_iPad = "UIInterfaceOrientationPortrait UIInterfaceOrientationPortraitUpsideDown UIInterfaceOrientationLandscapeLeft UIInterfaceOrientationLandscapeRight";
				INFOPLIST_KEY_UISupportedInterfaceOrientations_iPhone = "UIInterfaceOrientationPortrait UIInterfaceOrientationLandscapeLeft UIInterfaceOrientationLandscapeRight";
				LD_RUNPATH_SEARCH_PATHS = (
					"$(inherited)",
					"@executable_path/Frameworks",
				);
				MARKETING_VERSION = 1.0;
				PRODUCT_BUNDLE_IDENTIFIER = "com.Lorenzo-Cavallucci.MyBookShelf";
				PRODUCT_NAME = "$(TARGET_NAME)";
				SWIFT_EMIT_LOC_STRINGS = YES;
				SWIFT_VERSION = 5.0;
				TARGETED_DEVICE_FAMILY = "1,2";
				WATCHOS_DEPLOYMENT_TARGET = 11.0;
			};
			name = Debug;
		};
		DA5888A02DE3253B001687EE /* Release */ = {
			isa = XCBuildConfiguration;
			buildSettings = {
				ASSETCATALOG_COMPILER_APPICON_NAME = AppIcon;
				ASSETCATALOG_COMPILER_GLOBAL_ACCENT_COLOR_NAME = AccentColor;
				CODE_SIGN_STYLE = Automatic;
				CURRENT_PROJECT_VERSION = 1;
				DEVELOPMENT_ASSET_PATHS = "\"MyBookShelf/Assets\"";
				DEVELOPMENT_TEAM = Y649WMQLD6;
				ENABLE_PREVIEWS = YES;
				GENERATE_INFOPLIST_FILE = YES;
				INFOPLIST_FILE = MyBookShelf/Info.plist;
				INFOPLIST_KEY_NSCameraUsageDescription = "\"We need access to your camera to scan books!";
				INFOPLIST_KEY_NSFaceIDUsageDescription = "We use Face ID to lock your private diary";
				INFOPLIST_KEY_NSLocationWhenInUseUsageDescription = "We need your location to tag shelves with coordinates.";
				INFOPLIST_KEY_UIApplicationSceneManifest_Generation = YES;
				INFOPLIST_KEY_UIApplicationSupportsIndirectInputEvents = YES;
				INFOPLIST_KEY_UILaunchScreen_Generation = YES;
				INFOPLIST_KEY_UISupportedInterfaceOrientations_iPad = "UIInterfaceOrientationPortrait UIInterfaceOrientationPortraitUpsideDown UIInterfaceOrientationLandscapeLeft UIInterfaceOrientationLandscapeRight";
				INFOPLIST_KEY_UISupportedInterfaceOrientations_iPhone = "UIInterfaceOrientationPortrait UIInterfaceOrientationLandscapeLeft UIInterfaceOrientationLandscapeRight";
				LD_RUNPATH_SEARCH_PATHS = (
					"$(inherited)",
					"@executable_path/Frameworks",
				);
				MARKETING_VERSION = 1.0;
				PRODUCT_BUNDLE_IDENTIFIER = "com.Lorenzo-Cavallucci.MyBookShelf";
				PRODUCT_NAME = "$(TARGET_NAME)";
				SWIFT_EMIT_LOC_STRINGS = YES;
				SWIFT_VERSION = 5.0;
				TARGETED_DEVICE_FAMILY = "1,2";
				WATCHOS_DEPLOYMENT_TARGET = 11.0;
			};
			name = Release;
		};
		DA5888A22DE3253B001687EE /* Debug */ = {
			isa = XCBuildConfiguration;
			buildSettings = {
				BUNDLE_LOADER = "$(TEST_HOST)";
				CODE_SIGN_STYLE = Automatic;
				CURRENT_PROJECT_VERSION = 1;
				DEVELOPMENT_TEAM = Y649WMQLD6;
				GENERATE_INFOPLIST_FILE = YES;
				IPHONEOS_DEPLOYMENT_TARGET = 18.2;
				MARKETING_VERSION = 1.0;
				PRODUCT_BUNDLE_IDENTIFIER = "com.Lorenzo-Cavallucci.MyBookShelfTests";
				PRODUCT_NAME = "$(TARGET_NAME)";
				SWIFT_EMIT_LOC_STRINGS = NO;
				SWIFT_VERSION = 5.0;
				TARGETED_DEVICE_FAMILY = "1,2";
				TEST_HOST = "$(BUILT_PRODUCTS_DIR)/MyBookShelf.app/$(BUNDLE_EXECUTABLE_FOLDER_PATH)/MyBookShelf";
			};
			name = Debug;
		};
		DA5888A32DE3253B001687EE /* Release */ = {
			isa = XCBuildConfiguration;
			buildSettings = {
				BUNDLE_LOADER = "$(TEST_HOST)";
				CODE_SIGN_STYLE = Automatic;
				CURRENT_PROJECT_VERSION = 1;
				DEVELOPMENT_TEAM = Y649WMQLD6;
				GENERATE_INFOPLIST_FILE = YES;
				IPHONEOS_DEPLOYMENT_TARGET = 18.2;
				MARKETING_VERSION = 1.0;
				PRODUCT_BUNDLE_IDENTIFIER = "com.Lorenzo-Cavallucci.MyBookShelfTests";
				PRODUCT_NAME = "$(TARGET_NAME)";
				SWIFT_EMIT_LOC_STRINGS = NO;
				SWIFT_VERSION = 5.0;
				TARGETED_DEVICE_FAMILY = "1,2";
				TEST_HOST = "$(BUILT_PRODUCTS_DIR)/MyBookShelf.app/$(BUNDLE_EXECUTABLE_FOLDER_PATH)/MyBookShelf";
			};
			name = Release;
		};
		DA5888A52DE3253B001687EE /* Debug */ = {
			isa = XCBuildConfiguration;
			buildSettings = {
				CODE_SIGN_STYLE = Automatic;
				CURRENT_PROJECT_VERSION = 1;
				DEVELOPMENT_TEAM = Y649WMQLD6;
				GENERATE_INFOPLIST_FILE = YES;
				MARKETING_VERSION = 1.0;
				PRODUCT_BUNDLE_IDENTIFIER = "com.Lorenzo-Cavallucci.MyBookShelfUITests";
				PRODUCT_NAME = "$(TARGET_NAME)";
				SWIFT_EMIT_LOC_STRINGS = NO;
				SWIFT_VERSION = 5.0;
				TARGETED_DEVICE_FAMILY = "1,2";
				TEST_TARGET_NAME = MyBookShelf;
			};
			name = Debug;
		};
		DA5888A62DE3253B001687EE /* Release */ = {
			isa = XCBuildConfiguration;
			buildSettings = {
				CODE_SIGN_STYLE = Automatic;
				CURRENT_PROJECT_VERSION = 1;
				DEVELOPMENT_TEAM = Y649WMQLD6;
				GENERATE_INFOPLIST_FILE = YES;
				MARKETING_VERSION = 1.0;
				PRODUCT_BUNDLE_IDENTIFIER = "com.Lorenzo-Cavallucci.MyBookShelfUITests";
				PRODUCT_NAME = "$(TARGET_NAME)";
				SWIFT_EMIT_LOC_STRINGS = NO;
				SWIFT_VERSION = 5.0;
				TARGETED_DEVICE_FAMILY = "1,2";
				TEST_TARGET_NAME = MyBookShelf;
			};
			name = Release;
		};
		DACC68342E071346007E67F7 /* Debug */ = {
			isa = XCBuildConfiguration;
			buildSettings = {
				ASSETCATALOG_COMPILER_APPICON_NAME = AppIcon;
				ASSETCATALOG_COMPILER_GLOBAL_ACCENT_COLOR_NAME = AccentColor;
				CODE_SIGN_STYLE = Automatic;
				CURRENT_PROJECT_VERSION = 1;
				DEVELOPMENT_ASSET_PATHS = "\"WatchMyBookShelf Watch App/Preview Content\"";
				DEVELOPMENT_TEAM = Y649WMQLD6;
				ENABLE_PREVIEWS = YES;
				GENERATE_INFOPLIST_FILE = YES;
				INFOPLIST_KEY_CFBundleDisplayName = WatchMyBookShelf;
				INFOPLIST_KEY_UISupportedInterfaceOrientations = "UIInterfaceOrientationPortrait UIInterfaceOrientationPortraitUpsideDown";
				INFOPLIST_KEY_WKCompanionAppBundleIdentifier = "com.Lorenzo-Cavallucci.MyBookShelf";
				LD_RUNPATH_SEARCH_PATHS = (
					"$(inherited)",
					"@executable_path/Frameworks",
				);
				MARKETING_VERSION = 1.0;
				PRODUCT_BUNDLE_IDENTIFIER = "com.Lorenzo-Cavallucci.MyBookShelf.watchkitapp";
				PRODUCT_NAME = "$(TARGET_NAME)";
				SDKROOT = watchos;
				SKIP_INSTALL = YES;
				SUPPORTED_PLATFORMS = "watchsimulator watchos";
				SWIFT_EMIT_LOC_STRINGS = YES;
				SWIFT_VERSION = 5.0;
				TARGETED_DEVICE_FAMILY = 4;
				WATCHOS_DEPLOYMENT_TARGET = 11.0;
			};
			name = Debug;
		};
		DACC68352E071346007E67F7 /* Release */ = {
			isa = XCBuildConfiguration;
			buildSettings = {
				ASSETCATALOG_COMPILER_APPICON_NAME = AppIcon;
				ASSETCATALOG_COMPILER_GLOBAL_ACCENT_COLOR_NAME = AccentColor;
				CODE_SIGN_STYLE = Automatic;
				CURRENT_PROJECT_VERSION = 1;
				DEVELOPMENT_ASSET_PATHS = "\"WatchMyBookShelf Watch App/Preview Content\"";
				DEVELOPMENT_TEAM = Y649WMQLD6;
				ENABLE_PREVIEWS = YES;
				GENERATE_INFOPLIST_FILE = YES;
				INFOPLIST_KEY_CFBundleDisplayName = WatchMyBookShelf;
				INFOPLIST_KEY_UISupportedInterfaceOrientations = "UIInterfaceOrientationPortrait UIInterfaceOrientationPortraitUpsideDown";
				INFOPLIST_KEY_WKCompanionAppBundleIdentifier = "com.Lorenzo-Cavallucci.MyBookShelf";
				LD_RUNPATH_SEARCH_PATHS = (
					"$(inherited)",
					"@executable_path/Frameworks",
				);
				MARKETING_VERSION = 1.0;
				PRODUCT_BUNDLE_IDENTIFIER = "com.Lorenzo-Cavallucci.MyBookShelf.watchkitapp";
				PRODUCT_NAME = "$(TARGET_NAME)";
				SDKROOT = watchos;
				SKIP_INSTALL = YES;
				SUPPORTED_PLATFORMS = "watchsimulator watchos";
				SWIFT_EMIT_LOC_STRINGS = YES;
				SWIFT_VERSION = 5.0;
				TARGETED_DEVICE_FAMILY = 4;
				WATCHOS_DEPLOYMENT_TARGET = 11.0;
			};
			name = Release;
		};
		DACC68372E071346007E67F7 /* Debug */ = {
			isa = XCBuildConfiguration;
			buildSettings = {
				BUNDLE_LOADER = "$(TEST_HOST)";
				CODE_SIGN_STYLE = Automatic;
				CURRENT_PROJECT_VERSION = 1;
				DEVELOPMENT_TEAM = Y649WMQLD6;
				GENERATE_INFOPLIST_FILE = YES;
				MARKETING_VERSION = 1.0;
				PRODUCT_BUNDLE_IDENTIFIER = "com.Lorenzo-Cavallucci.WatchMyBookShelf-Watch-AppTests";
				PRODUCT_NAME = "$(TARGET_NAME)";
				SDKROOT = watchos;
				SWIFT_EMIT_LOC_STRINGS = NO;
				SWIFT_VERSION = 5.0;
				TARGETED_DEVICE_FAMILY = 4;
				TEST_HOST = "$(BUILT_PRODUCTS_DIR)/WatchMyBookShelf Watch App.app/$(BUNDLE_EXECUTABLE_FOLDER_PATH)/WatchMyBookShelf Watch App";
				WATCHOS_DEPLOYMENT_TARGET = 11.2;
			};
			name = Debug;
		};
		DACC68382E071346007E67F7 /* Release */ = {
			isa = XCBuildConfiguration;
			buildSettings = {
				BUNDLE_LOADER = "$(TEST_HOST)";
				CODE_SIGN_STYLE = Automatic;
				CURRENT_PROJECT_VERSION = 1;
				DEVELOPMENT_TEAM = Y649WMQLD6;
				GENERATE_INFOPLIST_FILE = YES;
				MARKETING_VERSION = 1.0;
				PRODUCT_BUNDLE_IDENTIFIER = "com.Lorenzo-Cavallucci.WatchMyBookShelf-Watch-AppTests";
				PRODUCT_NAME = "$(TARGET_NAME)";
				SDKROOT = watchos;
				SWIFT_EMIT_LOC_STRINGS = NO;
				SWIFT_VERSION = 5.0;
				TARGETED_DEVICE_FAMILY = 4;
				TEST_HOST = "$(BUILT_PRODUCTS_DIR)/WatchMyBookShelf Watch App.app/$(BUNDLE_EXECUTABLE_FOLDER_PATH)/WatchMyBookShelf Watch App";
				WATCHOS_DEPLOYMENT_TARGET = 11.2;
			};
			name = Release;
		};
		DACC683A2E071346007E67F7 /* Debug */ = {
			isa = XCBuildConfiguration;
			buildSettings = {
				CODE_SIGN_STYLE = Automatic;
				CURRENT_PROJECT_VERSION = 1;
				DEVELOPMENT_TEAM = Y649WMQLD6;
				GENERATE_INFOPLIST_FILE = YES;
				MARKETING_VERSION = 1.0;
				PRODUCT_BUNDLE_IDENTIFIER = "com.Lorenzo-Cavallucci.WatchMyBookShelf-Watch-AppUITests";
				PRODUCT_NAME = "$(TARGET_NAME)";
				SDKROOT = watchos;
				SWIFT_EMIT_LOC_STRINGS = NO;
				SWIFT_VERSION = 5.0;
				TARGETED_DEVICE_FAMILY = 4;
				TEST_TARGET_NAME = "WatchMyBookShelf Watch App";
				WATCHOS_DEPLOYMENT_TARGET = 11.2;
			};
			name = Debug;
		};
		DACC683B2E071346007E67F7 /* Release */ = {
			isa = XCBuildConfiguration;
			buildSettings = {
				CODE_SIGN_STYLE = Automatic;
				CURRENT_PROJECT_VERSION = 1;
				DEVELOPMENT_TEAM = Y649WMQLD6;
				GENERATE_INFOPLIST_FILE = YES;
				MARKETING_VERSION = 1.0;
				PRODUCT_BUNDLE_IDENTIFIER = "com.Lorenzo-Cavallucci.WatchMyBookShelf-Watch-AppUITests";
				PRODUCT_NAME = "$(TARGET_NAME)";
				SDKROOT = watchos;
				SWIFT_EMIT_LOC_STRINGS = NO;
				SWIFT_VERSION = 5.0;
				TARGETED_DEVICE_FAMILY = 4;
				TEST_TARGET_NAME = "WatchMyBookShelf Watch App";
				WATCHOS_DEPLOYMENT_TARGET = 11.2;
			};
			name = Release;
		};
/* End XCBuildConfiguration section */

/* Begin XCConfigurationList section */
		DA5888752DE32538001687EE /* Build configuration list for PBXProject "MyBookShelf" */ = {
			isa = XCConfigurationList;
			buildConfigurations = (
				DA58889C2DE3253B001687EE /* Debug */,
				DA58889D2DE3253B001687EE /* Release */,
			);
			defaultConfigurationIsVisible = 0;
			defaultConfigurationName = Release;
		};
		DA58889E2DE3253B001687EE /* Build configuration list for PBXNativeTarget "MyBookShelf" */ = {
			isa = XCConfigurationList;
			buildConfigurations = (
				DA58889F2DE3253B001687EE /* Debug */,
				DA5888A02DE3253B001687EE /* Release */,
			);
			defaultConfigurationIsVisible = 0;
			defaultConfigurationName = Release;
		};
		DA5888A12DE3253B001687EE /* Build configuration list for PBXNativeTarget "MyBookShelfTests" */ = {
			isa = XCConfigurationList;
			buildConfigurations = (
				DA5888A22DE3253B001687EE /* Debug */,
				DA5888A32DE3253B001687EE /* Release */,
			);
			defaultConfigurationIsVisible = 0;
			defaultConfigurationName = Release;
		};
		DA5888A42DE3253B001687EE /* Build configuration list for PBXNativeTarget "MyBookShelfUITests" */ = {
			isa = XCConfigurationList;
			buildConfigurations = (
				DA5888A52DE3253B001687EE /* Debug */,
				DA5888A62DE3253B001687EE /* Release */,
			);
			defaultConfigurationIsVisible = 0;
			defaultConfigurationName = Release;
		};
		DACC68332E071346007E67F7 /* Build configuration list for PBXNativeTarget "WatchMyBookShelf Watch App" */ = {
			isa = XCConfigurationList;
			buildConfigurations = (
				DACC68342E071346007E67F7 /* Debug */,
				DACC68352E071346007E67F7 /* Release */,
			);
			defaultConfigurationIsVisible = 0;
			defaultConfigurationName = Release;
		};
		DACC68362E071346007E67F7 /* Build configuration list for PBXNativeTarget "WatchMyBookShelf Watch AppTests" */ = {
			isa = XCConfigurationList;
			buildConfigurations = (
				DACC68372E071346007E67F7 /* Debug */,
				DACC68382E071346007E67F7 /* Release */,
			);
			defaultConfigurationIsVisible = 0;
			defaultConfigurationName = Release;
		};
		DACC68392E071346007E67F7 /* Build configuration list for PBXNativeTarget "WatchMyBookShelf Watch AppUITests" */ = {
			isa = XCConfigurationList;
			buildConfigurations = (
				DACC683A2E071346007E67F7 /* Debug */,
				DACC683B2E071346007E67F7 /* Release */,
			);
			defaultConfigurationIsVisible = 0;
			defaultConfigurationName = Release;
		};
/* End XCConfigurationList section */

/* Begin XCRemoteSwiftPackageReference section */
		DA4D1C102E017AA800798108 /* XCRemoteSwiftPackageReference "firebase-ios-sdk" */ = {
			isa = XCRemoteSwiftPackageReference;
			repositoryURL = "https://github.com/firebase/firebase-ios-sdk";
			requirement = {
				kind = upToNextMajorVersion;
				minimumVersion = 11.14.0;
			};
		};
/* End XCRemoteSwiftPackageReference section */

/* Begin XCSwiftPackageProductDependency section */
		DA4D1C112E017AA800798108 /* FirebaseAuth */ = {
			isa = XCSwiftPackageProductDependency;
			package = DA4D1C102E017AA800798108 /* XCRemoteSwiftPackageReference "firebase-ios-sdk" */;
			productName = FirebaseAuth;
		};
		DA4D1C132E017AA800798108 /* FirebaseCore */ = {
			isa = XCSwiftPackageProductDependency;
			package = DA4D1C102E017AA800798108 /* XCRemoteSwiftPackageReference "firebase-ios-sdk" */;
			productName = FirebaseCore;
		};
		DA4D1C1F2E01A27500798108 /* FirebaseFirestore */ = {
			isa = XCSwiftPackageProductDependency;
			package = DA4D1C102E017AA800798108 /* XCRemoteSwiftPackageReference "firebase-ios-sdk" */;
			productName = FirebaseFirestore;
		};
		DA6BAAB22E06FA53008CE1BA /* FirebaseStorage */ = {
			isa = XCSwiftPackageProductDependency;
			package = DA4D1C102E017AA800798108 /* XCRemoteSwiftPackageReference "firebase-ios-sdk" */;
			productName = FirebaseStorage;
		};
/* End XCSwiftPackageProductDependency section */
	};
	rootObject = DA5888722DE32538001687EE /* Project object */;
}
